
Microsoft Visual Studio Solution File, Format Version 12.00
# Visual Studio Version 17
VisualStudioVersion = 17.1.32328.378
MinimumVisualStudioVersion = 10.0.40219.1
Project("{2150E333-8FDC-42A3-9474-1A3956D46DE8}") = "src", "src", "{ACA69857-2E3E-468C-B0B0-A86852E3492D}"
EndProject
Project("{9A19103F-16F7-4668-BE54-9A1E7A4F7556}") = "Serilog.Ui.Web", "src\Serilog.Ui.Web\Serilog.Ui.Web.csproj", "{3BF751F9-67CA-47F2-84E0-068344A8F306}"
EndProject
Project("{9A19103F-16F7-4668-BE54-9A1E7A4F7556}") = "Serilog.Ui.MsSqlServerProvider", "src\Serilog.Ui.MsSqlServerProvider\Serilog.Ui.MsSqlServerProvider.csproj", "{55C49567-1879-4FA7-B15F-033DA89B8B1B}"
EndProject
Project("{9A19103F-16F7-4668-BE54-9A1E7A4F7556}") = "Serilog.Ui.Core", "src\Serilog.Ui.Core\Serilog.Ui.Core.csproj", "{0862FA16-35A3-4CF9-B797-67F70F6CFB8B}"
EndProject
Project("{9A19103F-16F7-4668-BE54-9A1E7A4F7556}") = "Serilog.Ui.PostgreSqlProvider", "src\Serilog.Ui.PostgreSqlProvider\Serilog.Ui.PostgreSqlProvider.csproj", "{0004A882-82C9-40C3-9D6C-CD297D1A50E7}"
EndProject
Project("{9A19103F-16F7-4668-BE54-9A1E7A4F7556}") = "Serilog.Ui.MongoDbProvider", "src\Serilog.Ui.MongoDbProvider\Serilog.Ui.MongoDbProvider.csproj", "{A6195106-0818-4CE1-A889-BB734960DD8D}"
EndProject
Project("{2150E333-8FDC-42A3-9474-1A3956D46DE8}") = "samples", "samples", "{157CA77C-513A-409F-8045-E68739AAC8C8}"
EndProject
Project("{9A19103F-16F7-4668-BE54-9A1E7A4F7556}") = "SampleWebApp", "samples\SampleWebApp\SampleWebApp.csproj", "{30C8AE36-8117-4E52-8140-8440D3C9AD39}"
EndProject
Project("{9A19103F-16F7-4668-BE54-9A1E7A4F7556}") = "Serilog.Ui.ElasticSearchProvider", "src\Serilog.Ui.ElasticSearchProvider\Serilog.Ui.ElasticSearchProvider.csproj", "{4CC537BE-8695-4976-BA43-B8484664C169}"
EndProject
Project("{9A19103F-16F7-4668-BE54-9A1E7A4F7556}") = "Serilog.Ui.MySqlProvider", "src\Serilog.Ui.MySqlProvider\Serilog.Ui.MySqlProvider.csproj", "{3363E5F5-54A0-413D-807C-D27DBFD52CC8}"
EndProject
Project("{2150E333-8FDC-42A3-9474-1A3956D46DE8}") = "tests", "tests", "{75F9223B-15F2-4465-B01D-2A5A49FCD000}"
EndProject
Project("{9A19103F-16F7-4668-BE54-9A1E7A4F7556}") = "Serilog.Ui.MongoDbProvider.Tests", "tests\Serilog.Ui.MongoDbProvider.Tests\Serilog.Ui.MongoDbProvider.Tests.csproj", "{7F66E2A5-7994-43E9-B8C4-026924273DF6}"
EndProject
Project("{9A19103F-16F7-4668-BE54-9A1E7A4F7556}") = "Serilog.Ui.Common.Tests", "tests\Serilog.Ui.Common.Tests\Serilog.Ui.Common.Tests.csproj", "{96689D04-8B2F-4C06-AE1D-3483B1508D59}"
EndProject
Project("{9A19103F-16F7-4668-BE54-9A1E7A4F7556}") = "Serilog.Ui.PostgreSqlProvider.Tests", "tests\Serilog.Ui.PostgreSqlProvider.Tests\Serilog.Ui.PostgreSqlProvider.Tests.csproj", "{D1688095-7E1F-42B2-BC3F-8CB29975CAD5}"
EndProject
Project("{9A19103F-16F7-4668-BE54-9A1E7A4F7556}") = "Serilog.Ui.Web.Tests", "tests\Serilog.Ui.Web.Tests\Serilog.Ui.Web.Tests.csproj", "{9AD9BF6A-0CB0-467C-BB84-BE1C701C0113}"
EndProject
Project("{9A19103F-16F7-4668-BE54-9A1E7A4F7556}") = "Serilog.Ui.MySqlProvider.Tests", "tests\Serilog.Ui.MySqlProvider.Tests\Serilog.Ui.MySqlProvider.Tests.csproj", "{6986AD9C-3B9E-4DAF-A45F-643D964CEBD3}"
EndProject
Project("{9A19103F-16F7-4668-BE54-9A1E7A4F7556}") = "Serilog.Ui.MsSqlServerProvider.Tests", "tests\Serilog.Ui.MsSqlServerProvider.Tests\Serilog.Ui.MsSqlServerProvider.Tests.csproj", "{1F6675BC-32FC-47DE-96AB-422632AB2730}"
EndProject
Project("{9A19103F-16F7-4668-BE54-9A1E7A4F7556}") = "Serilog.Ui.ElasticSearchProvider.Tests", "tests\Serilog.Ui.ElastichSearchProvider.Tests\Serilog.Ui.ElasticSearchProvider.Tests.csproj", "{1AB759E4-61CD-4195-9CA9-E70B63AF28B9}"
EndProject
Project("{2150E333-8FDC-42A3-9474-1A3956D46DE8}") = "Solution Items", "Solution Items", "{83E91BE7-19B3-4AE0-992C-9DFF30FC409E}"
	ProjectSection(SolutionItems) = preProject
		.gitignore = .gitignore
		LICENSE = LICENSE
		README.md = README.md
	EndProjectSection
EndProject
Project("{2150E333-8FDC-42A3-9474-1A3956D46DE8}") = "assets", "assets", "{04B4A8FE-0D7F-48AB-BDE5-AF934CEAD7DF}"
	ProjectSection(SolutionItems) = preProject
		assets\serilog-ui-2.jpg = assets\serilog-ui-2.jpg
		assets\serilog-ui.jpg = assets\serilog-ui.jpg
	EndProjectSection
EndProject
Project("{9A19103F-16F7-4668-BE54-9A1E7A4F7556}") = "_build", "build\_build.csproj", "{5D0F29B0-11F4-4FEA-8D90-FD917F680D6D}"
EndProject
Global
	GlobalSection(SolutionConfigurationPlatforms) = preSolution
		Debug|Any CPU = Debug|Any CPU
		Release|Any CPU = Release|Any CPU
	EndGlobalSection
	GlobalSection(ProjectConfigurationPlatforms) = postSolution
		{5D0F29B0-11F4-4FEA-8D90-FD917F680D6D}.Debug|Any CPU.ActiveCfg = Debug|Any CPU
		{5D0F29B0-11F4-4FEA-8D90-FD917F680D6D}.Release|Any CPU.ActiveCfg = Release|Any CPU
		{3BF751F9-67CA-47F2-84E0-068344A8F306}.Debug|Any CPU.ActiveCfg = Debug|Any CPU
		{3BF751F9-67CA-47F2-84E0-068344A8F306}.Debug|Any CPU.Build.0 = Debug|Any CPU
		{3BF751F9-67CA-47F2-84E0-068344A8F306}.Release|Any CPU.ActiveCfg = Release|Any CPU
		{3BF751F9-67CA-47F2-84E0-068344A8F306}.Release|Any CPU.Build.0 = Release|Any CPU
		{55C49567-1879-4FA7-B15F-033DA89B8B1B}.Debug|Any CPU.ActiveCfg = Debug|Any CPU
		{55C49567-1879-4FA7-B15F-033DA89B8B1B}.Debug|Any CPU.Build.0 = Debug|Any CPU
		{55C49567-1879-4FA7-B15F-033DA89B8B1B}.Release|Any CPU.ActiveCfg = Release|Any CPU
		{55C49567-1879-4FA7-B15F-033DA89B8B1B}.Release|Any CPU.Build.0 = Release|Any CPU
		{0862FA16-35A3-4CF9-B797-67F70F6CFB8B}.Debug|Any CPU.ActiveCfg = Debug|Any CPU
		{0862FA16-35A3-4CF9-B797-67F70F6CFB8B}.Debug|Any CPU.Build.0 = Debug|Any CPU
		{0862FA16-35A3-4CF9-B797-67F70F6CFB8B}.Release|Any CPU.ActiveCfg = Release|Any CPU
		{0862FA16-35A3-4CF9-B797-67F70F6CFB8B}.Release|Any CPU.Build.0 = Release|Any CPU
		{0004A882-82C9-40C3-9D6C-CD297D1A50E7}.Debug|Any CPU.ActiveCfg = Debug|Any CPU
		{0004A882-82C9-40C3-9D6C-CD297D1A50E7}.Debug|Any CPU.Build.0 = Debug|Any CPU
		{0004A882-82C9-40C3-9D6C-CD297D1A50E7}.Release|Any CPU.ActiveCfg = Release|Any CPU
		{0004A882-82C9-40C3-9D6C-CD297D1A50E7}.Release|Any CPU.Build.0 = Release|Any CPU
		{A6195106-0818-4CE1-A889-BB734960DD8D}.Debug|Any CPU.ActiveCfg = Debug|Any CPU
		{A6195106-0818-4CE1-A889-BB734960DD8D}.Debug|Any CPU.Build.0 = Debug|Any CPU
		{A6195106-0818-4CE1-A889-BB734960DD8D}.Release|Any CPU.ActiveCfg = Release|Any CPU
		{A6195106-0818-4CE1-A889-BB734960DD8D}.Release|Any CPU.Build.0 = Release|Any CPU
		{30C8AE36-8117-4E52-8140-8440D3C9AD39}.Debug|Any CPU.ActiveCfg = Debug|Any CPU
		{30C8AE36-8117-4E52-8140-8440D3C9AD39}.Debug|Any CPU.Build.0 = Debug|Any CPU
		{30C8AE36-8117-4E52-8140-8440D3C9AD39}.Release|Any CPU.ActiveCfg = Release|Any CPU
		{30C8AE36-8117-4E52-8140-8440D3C9AD39}.Release|Any CPU.Build.0 = Release|Any CPU
		{4CC537BE-8695-4976-BA43-B8484664C169}.Debug|Any CPU.ActiveCfg = Debug|Any CPU
		{4CC537BE-8695-4976-BA43-B8484664C169}.Debug|Any CPU.Build.0 = Debug|Any CPU
		{4CC537BE-8695-4976-BA43-B8484664C169}.Release|Any CPU.ActiveCfg = Release|Any CPU
		{4CC537BE-8695-4976-BA43-B8484664C169}.Release|Any CPU.Build.0 = Release|Any CPU
		{3363E5F5-54A0-413D-807C-D27DBFD52CC8}.Debug|Any CPU.ActiveCfg = Debug|Any CPU
		{3363E5F5-54A0-413D-807C-D27DBFD52CC8}.Debug|Any CPU.Build.0 = Debug|Any CPU
		{3363E5F5-54A0-413D-807C-D27DBFD52CC8}.Release|Any CPU.ActiveCfg = Release|Any CPU
		{3363E5F5-54A0-413D-807C-D27DBFD52CC8}.Release|Any CPU.Build.0 = Release|Any CPU
		{7F66E2A5-7994-43E9-B8C4-026924273DF6}.Debug|Any CPU.ActiveCfg = Debug|Any CPU
		{7F66E2A5-7994-43E9-B8C4-026924273DF6}.Debug|Any CPU.Build.0 = Debug|Any CPU
		{7F66E2A5-7994-43E9-B8C4-026924273DF6}.Release|Any CPU.ActiveCfg = Release|Any CPU
		{7F66E2A5-7994-43E9-B8C4-026924273DF6}.Release|Any CPU.Build.0 = Release|Any CPU
		{96689D04-8B2F-4C06-AE1D-3483B1508D59}.Debug|Any CPU.ActiveCfg = Debug|Any CPU
		{96689D04-8B2F-4C06-AE1D-3483B1508D59}.Debug|Any CPU.Build.0 = Debug|Any CPU
		{96689D04-8B2F-4C06-AE1D-3483B1508D59}.Release|Any CPU.ActiveCfg = Release|Any CPU
		{96689D04-8B2F-4C06-AE1D-3483B1508D59}.Release|Any CPU.Build.0 = Release|Any CPU
		{D1688095-7E1F-42B2-BC3F-8CB29975CAD5}.Debug|Any CPU.ActiveCfg = Debug|Any CPU
		{D1688095-7E1F-42B2-BC3F-8CB29975CAD5}.Debug|Any CPU.Build.0 = Debug|Any CPU
		{D1688095-7E1F-42B2-BC3F-8CB29975CAD5}.Release|Any CPU.ActiveCfg = Release|Any CPU
		{D1688095-7E1F-42B2-BC3F-8CB29975CAD5}.Release|Any CPU.Build.0 = Release|Any CPU
		{9AD9BF6A-0CB0-467C-BB84-BE1C701C0113}.Debug|Any CPU.ActiveCfg = Debug|Any CPU
		{9AD9BF6A-0CB0-467C-BB84-BE1C701C0113}.Debug|Any CPU.Build.0 = Debug|Any CPU
		{9AD9BF6A-0CB0-467C-BB84-BE1C701C0113}.Release|Any CPU.ActiveCfg = Release|Any CPU
		{9AD9BF6A-0CB0-467C-BB84-BE1C701C0113}.Release|Any CPU.Build.0 = Release|Any CPU
		{6986AD9C-3B9E-4DAF-A45F-643D964CEBD3}.Debug|Any CPU.ActiveCfg = Debug|Any CPU
		{6986AD9C-3B9E-4DAF-A45F-643D964CEBD3}.Debug|Any CPU.Build.0 = Debug|Any CPU
		{6986AD9C-3B9E-4DAF-A45F-643D964CEBD3}.Release|Any CPU.ActiveCfg = Release|Any CPU
		{6986AD9C-3B9E-4DAF-A45F-643D964CEBD3}.Release|Any CPU.Build.0 = Release|Any CPU
		{1F6675BC-32FC-47DE-96AB-422632AB2730}.Debug|Any CPU.ActiveCfg = Debug|Any CPU
		{1F6675BC-32FC-47DE-96AB-422632AB2730}.Debug|Any CPU.Build.0 = Debug|Any CPU
		{1F6675BC-32FC-47DE-96AB-422632AB2730}.Release|Any CPU.ActiveCfg = Release|Any CPU
		{1F6675BC-32FC-47DE-96AB-422632AB2730}.Release|Any CPU.Build.0 = Release|Any CPU
		{1AB759E4-61CD-4195-9CA9-E70B63AF28B9}.Debug|Any CPU.ActiveCfg = Debug|Any CPU
		{1AB759E4-61CD-4195-9CA9-E70B63AF28B9}.Debug|Any CPU.Build.0 = Debug|Any CPU
		{1AB759E4-61CD-4195-9CA9-E70B63AF28B9}.Release|Any CPU.ActiveCfg = Release|Any CPU
		{1AB759E4-61CD-4195-9CA9-E70B63AF28B9}.Release|Any CPU.Build.0 = Release|Any CPU
	EndGlobalSection
	GlobalSection(SolutionProperties) = preSolution
		HideSolutionNode = FALSE
	EndGlobalSection
	GlobalSection(NestedProjects) = preSolution
		{3BF751F9-67CA-47F2-84E0-068344A8F306} = {ACA69857-2E3E-468C-B0B0-A86852E3492D}
		{55C49567-1879-4FA7-B15F-033DA89B8B1B} = {ACA69857-2E3E-468C-B0B0-A86852E3492D}
		{0862FA16-35A3-4CF9-B797-67F70F6CFB8B} = {ACA69857-2E3E-468C-B0B0-A86852E3492D}
		{0004A882-82C9-40C3-9D6C-CD297D1A50E7} = {ACA69857-2E3E-468C-B0B0-A86852E3492D}
		{A6195106-0818-4CE1-A889-BB734960DD8D} = {ACA69857-2E3E-468C-B0B0-A86852E3492D}
		{30C8AE36-8117-4E52-8140-8440D3C9AD39} = {157CA77C-513A-409F-8045-E68739AAC8C8}
		{4CC537BE-8695-4976-BA43-B8484664C169} = {ACA69857-2E3E-468C-B0B0-A86852E3492D}
		{3363E5F5-54A0-413D-807C-D27DBFD52CC8} = {ACA69857-2E3E-468C-B0B0-A86852E3492D}
		{7F66E2A5-7994-43E9-B8C4-026924273DF6} = {75F9223B-15F2-4465-B01D-2A5A49FCD000}
		{96689D04-8B2F-4C06-AE1D-3483B1508D59} = {75F9223B-15F2-4465-B01D-2A5A49FCD000}
		{D1688095-7E1F-42B2-BC3F-8CB29975CAD5} = {75F9223B-15F2-4465-B01D-2A5A49FCD000}
		{9AD9BF6A-0CB0-467C-BB84-BE1C701C0113} = {75F9223B-15F2-4465-B01D-2A5A49FCD000}
		{6986AD9C-3B9E-4DAF-A45F-643D964CEBD3} = {75F9223B-15F2-4465-B01D-2A5A49FCD000}
		{1F6675BC-32FC-47DE-96AB-422632AB2730} = {75F9223B-15F2-4465-B01D-2A5A49FCD000}
		{1AB759E4-61CD-4195-9CA9-E70B63AF28B9} = {75F9223B-15F2-4465-B01D-2A5A49FCD000}
		{04B4A8FE-0D7F-48AB-BDE5-AF934CEAD7DF} = {83E91BE7-19B3-4AE0-992C-9DFF30FC409E}
	EndGlobalSection
	GlobalSection(ExtensibilityGlobals) = postSolution
		SolutionGuid = {88374732-FEAD-4375-9CF1-75331A37CF07}
	EndGlobalSection
EndGlobal
